
Microsoft Visual Studio Solution File, Format Version 12.00
# Visual Studio Version 16
VisualStudioVersion = 16.0.31613.86
MinimumVisualStudioVersion = 10.0.40219.1
Project("{9A19103F-16F7-4668-BE54-9A1E7A4F7556}") = "VistaDB.EntityFrameworkCore", "src\VistaDB.EFCore\VistaDB.EntityFrameworkCore.csproj", "{AB540BBC-8123-44CD-BE24-01941622AC2C}"
EndProject
Project("{9A19103F-16F7-4668-BE54-9A1E7A4F7556}") = "VistaDB.EntityFrameworkCore.Tests", "test\VistaDB.EFCore.Tests\VistaDB.EntityFrameworkCore.Tests.csproj", "{113AD6A5-B107-4110-874D-27DFFB7C678C}"
EndProject
Project("{9A19103F-16F7-4668-BE54-9A1E7A4F7556}") = "VistaDB.EntityFrameworkCore.FunctionalTests", "test\VistaDB.EFCore.FunctionalTests\VistaDB.EntityFrameworkCore.FunctionalTests.csproj", "{A970FCC9-032D-4FE9-82B1-D1F82B130129}"
EndProject
Project("{D954291E-2A0B-460D-934E-DC6B0785DB48}") = "VistaDB.Provider", "..\vistadb\src\Engine\VistaDB.Provider.shproj", "{427F905A-01E2-40DC-AFD8-30CA1FAE7B6D}"
EndProject
Project("{9A19103F-16F7-4668-BE54-9A1E7A4F7556}") = "Engine.Standard", "..\vistadb\src\Engine.Standard\Engine.Standard.csproj", "{1FF68033-FE00-47A7-8496-4E9DA474BEE9}"
EndProject
Project("{9A19103F-16F7-4668-BE54-9A1E7A4F7556}") = "Loupe", "..\vistadb\src\Loupe\Loupe.csproj", "{EF2CC5B8-D8E6-4C25-B0D3-5F195BF4D842}"
EndProject
Global
	GlobalSection(SharedMSBuildProjectFiles) = preSolution
		..\vistadb\src\Engine\VistaDB.Provider.projitems*{1ff68033-fe00-47a7-8496-4e9da474bee9}*SharedItemsImports = 5
		..\vistadb\src\Engine\VistaDB.Provider.projitems*{427f905a-01e2-40dc-afd8-30ca1fae7b6d}*SharedItemsImports = 13
	EndGlobalSection
	GlobalSection(SolutionConfigurationPlatforms) = preSolution
		Debug|Any CPU = Debug|Any CPU
		Release|Any CPU = Release|Any CPU
	EndGlobalSection
	GlobalSection(ProjectConfigurationPlatforms) = postSolution
		{AB540BBC-8123-44CD-BE24-01941622AC2C}.Debug|Any CPU.ActiveCfg = Debug|Any CPU
		{AB540BBC-8123-44CD-BE24-01941622AC2C}.Debug|Any CPU.Build.0 = Debug|Any CPU
		{AB540BBC-8123-44CD-BE24-01941622AC2C}.Release|Any CPU.ActiveCfg = Release|Any CPU
		{AB540BBC-8123-44CD-BE24-01941622AC2C}.Release|Any CPU.Build.0 = Release|Any CPU
		{113AD6A5-B107-4110-874D-27DFFB7C678C}.Debug|Any CPU.ActiveCfg = Debug|Any CPU
		{113AD6A5-B107-4110-874D-27DFFB7C678C}.Debug|Any CPU.Build.0 = Debug|Any CPU
		{113AD6A5-B107-4110-874D-27DFFB7C678C}.Release|Any CPU.ActiveCfg = Release|Any CPU
		{113AD6A5-B107-4110-874D-27DFFB7C678C}.Release|Any CPU.Build.0 = Release|Any CPU
		{A970FCC9-032D-4FE9-82B1-D1F82B130129}.Debug|Any CPU.ActiveCfg = Debug|Any CPU
		{A970FCC9-032D-4FE9-82B1-D1F82B130129}.Debug|Any CPU.Build.0 = Debug|Any CPU
		{A970FCC9-032D-4FE9-82B1-D1F82B130129}.Release|Any CPU.ActiveCfg = Release|Any CPU
		{A970FCC9-032D-4FE9-82B1-D1F82B130129}.Release|Any CPU.Build.0 = Release|Any CPU
		{1FF68033-FE00-47A7-8496-4E9DA474BEE9}.Debug|Any CPU.ActiveCfg = Debug|Any CPU
		{1FF68033-FE00-47A7-8496-4E9DA474BEE9}.Debug|Any CPU.Build.0 = Debug|Any CPU
		{1FF68033-FE00-47A7-8496-4E9DA474BEE9}.Release|Any CPU.ActiveCfg = Release|Any CPU
		{1FF68033-FE00-47A7-8496-4E9DA474BEE9}.Release|Any CPU.Build.0 = Release|Any CPU
		{EF2CC5B8-D8E6-4C25-B0D3-5F195BF4D842}.Debug|Any CPU.ActiveCfg = Debug|Any CPU
		{EF2CC5B8-D8E6-4C25-B0D3-5F195BF4D842}.Debug|Any CPU.Build.0 = Debug|Any CPU
		{EF2CC5B8-D8E6-4C25-B0D3-5F195BF4D842}.Release|Any CPU.ActiveCfg = Release|Any CPU
		{EF2CC5B8-D8E6-4C25-B0D3-5F195BF4D842}.Release|Any CPU.Build.0 = Release|Any CPU
	EndGlobalSection
	GlobalSection(SolutionProperties) = preSolution
		HideSolutionNode = FALSE
	EndGlobalSection
	GlobalSection(ExtensibilityGlobals) = postSolution
		SolutionGuid = {D62C25CB-3F19-493C-8402-D3C9724ADCC8}
	EndGlobalSection
EndGlobal
