
Microsoft Visual Studio Solution File, Format Version 12.00
# Visual Studio Version 16
VisualStudioVersion = 16.0.31729.503
MinimumVisualStudioVersion = 10.0.40219.1
Project("{9A19103F-16F7-4668-BE54-9A1E7A4F7556}") = "EFCore.VistaDB", "EFCore.VistaDB\EFCore.VistaDB.csproj", "{EE3803BC-3171-4C78-9841-38B26B7DBA71}"
EndProject
Project("{9A19103F-16F7-4668-BE54-9A1E7A4F7556}") = "VistaDB.EntityFrameworkCore.Tests", "..\test\VistaDB.EFCore.Tests\VistaDB.EntityFrameworkCore.Tests.csproj", "{32476F1E-6898-4896-A65C-397B8AB67AB0}"
EndProject
Project("{9A19103F-16F7-4668-BE54-9A1E7A4F7556}") = "VistaDB.EntityFrameworkCore.FunctionalTests", "..\test\VistaDB.EFCore.FunctionalTests\VistaDB.EntityFrameworkCore.FunctionalTests.csproj", "{35435CB0-C50E-4563-96CF-5963AE08D7D7}"
EndProject
Global
	GlobalSection(SolutionConfigurationPlatforms) = preSolution
		Debug|Any CPU = Debug|Any CPU
		Release|Any CPU = Release|Any CPU
	EndGlobalSection
	GlobalSection(ProjectConfigurationPlatforms) = postSolution
		{EE3803BC-3171-4C78-9841-38B26B7DBA71}.Debug|Any CPU.ActiveCfg = Debug|Any CPU
		{EE3803BC-3171-4C78-9841-38B26B7DBA71}.Debug|Any CPU.Build.0 = Debug|Any CPU
		{EE3803BC-3171-4C78-9841-38B26B7DBA71}.Release|Any CPU.ActiveCfg = Release|Any CPU
		{EE3803BC-3171-4C78-9841-38B26B7DBA71}.Release|Any CPU.Build.0 = Release|Any CPU
		{32476F1E-6898-4896-A65C-397B8AB67AB0}.Debug|Any CPU.ActiveCfg = Debug|Any CPU
		{32476F1E-6898-4896-A65C-397B8AB67AB0}.Debug|Any CPU.Build.0 = Debug|Any CPU
		{32476F1E-6898-4896-A65C-397B8AB67AB0}.Release|Any CPU.ActiveCfg = Release|Any CPU
		{32476F1E-6898-4896-A65C-397B8AB67AB0}.Release|Any CPU.Build.0 = Release|Any CPU
		{35435CB0-C50E-4563-96CF-5963AE08D7D7}.Debug|Any CPU.ActiveCfg = Debug|Any CPU
		{35435CB0-C50E-4563-96CF-5963AE08D7D7}.Debug|Any CPU.Build.0 = Debug|Any CPU
		{35435CB0-C50E-4563-96CF-5963AE08D7D7}.Release|Any CPU.ActiveCfg = Release|Any CPU
		{35435CB0-C50E-4563-96CF-5963AE08D7D7}.Release|Any CPU.Build.0 = Release|Any CPU
	EndGlobalSection
	GlobalSection(SolutionProperties) = preSolution
		HideSolutionNode = FALSE
	EndGlobalSection
	GlobalSection(ExtensibilityGlobals) = postSolution
		SolutionGuid = {62C0933B-8DC2-4AB3-89D2-C1713144D03C}
	EndGlobalSection
EndGlobal
